
Microsoft Visual Studio Solution File, Format Version 12.00
# Visual Studio Version 17
VisualStudioVersion = 17.13.35825.156 d17.13
MinimumVisualStudioVersion = 10.0.40219.1
Project("{FAE04EC0-301F-11D3-BF4B-00C04F79EFBC}") = "MegaSenaBlazor", "MegaSenaBlazor.csproj", "{44B2CFFE-73CC-007A-629E-E95EF3D1A57D}"
EndProject
Global
	GlobalSection(SolutionConfigurationPlatforms) = preSolution
		Debug|Any CPU = Debug|Any CPU
		Release|Any CPU = Release|Any CPU
	EndGlobalSection
	GlobalSection(ProjectConfigurationPlatforms) = postSolution
		{44B2CFFE-73CC-007A-629E-E95EF3D1A57D}.Debug|Any CPU.ActiveCfg = Debug|Any CPU
		{44B2CFFE-73CC-007A-629E-E95EF3D1A57D}.Debug|Any CPU.Build.0 = Debug|Any CPU
		{44B2CFFE-73CC-007A-629E-E95EF3D1A57D}.Release|Any CPU.ActiveCfg = Release|Any CPU
		{44B2CFFE-73CC-007A-629E-E95EF3D1A57D}.Release|Any CPU.Build.0 = Release|Any CPU
	EndGlobalSection
	GlobalSection(SolutionProperties) = preSolution
		HideSolutionNode = FALSE
	EndGlobalSection
	GlobalSection(ExtensibilityGlobals) = postSolution
		SolutionGuid = {FB948232-07D3-4761-B208-B8744EFC0DB5}
	EndGlobalSection
EndGlobal
